
Microsoft Visual Studio Solution File, Format Version 12.00
# Visual Studio 15
VisualStudioVersion = 15.0.26730.3
MinimumVisualStudioVersion = 10.0.40219.1
Project("{FAE04EC0-301F-11D3-BF4B-00C04F79EFBC}") = "WebPortal", "WebPortal\WebPortal.csproj", "{9E14D90A-2114-45C1-AB6D-3AE9F9CA13E3}"
EndProject
Project("{FAE04EC0-301F-11D3-BF4B-00C04F79EFBC}") = "API", "API\API.csproj", "{E91F3511-27FA-49B5-9C59-1CA2AFF4B564}"
EndProject
Project("{FAE04EC0-301F-11D3-BF4B-00C04F79EFBC}") = "SfB Trusted Application", "SfB Trusted Application\SfB Trusted Application.csproj", "{325F1221-18E9-4910-9FC1-8191DDA5FFE7}"
EndProject
Project("{FAE04EC0-301F-11D3-BF4B-00C04F79EFBC}") = "TrayListener", "TrayListener\TrayListener.csproj", "{9CBFE488-EE93-4035-A8BD-429D9153FAE8}"
EndProject
Global
	GlobalSection(SolutionConfigurationPlatforms) = preSolution
		Debug|Any CPU = Debug|Any CPU
		Release|Any CPU = Release|Any CPU
	EndGlobalSection
	GlobalSection(ProjectConfigurationPlatforms) = postSolution
		{9E14D90A-2114-45C1-AB6D-3AE9F9CA13E3}.Debug|Any CPU.ActiveCfg = Debug|Any CPU
		{9E14D90A-2114-45C1-AB6D-3AE9F9CA13E3}.Debug|Any CPU.Build.0 = Debug|Any CPU
		{9E14D90A-2114-45C1-AB6D-3AE9F9CA13E3}.Release|Any CPU.ActiveCfg = Release|Any CPU
		{9E14D90A-2114-45C1-AB6D-3AE9F9CA13E3}.Release|Any CPU.Build.0 = Release|Any CPU
		{E91F3511-27FA-49B5-9C59-1CA2AFF4B564}.Debug|Any CPU.ActiveCfg = Debug|Any CPU
		{E91F3511-27FA-49B5-9C59-1CA2AFF4B564}.Debug|Any CPU.Build.0 = Debug|Any CPU
		{E91F3511-27FA-49B5-9C59-1CA2AFF4B564}.Release|Any CPU.ActiveCfg = Release|Any CPU
		{E91F3511-27FA-49B5-9C59-1CA2AFF4B564}.Release|Any CPU.Build.0 = Release|Any CPU
		{325F1221-18E9-4910-9FC1-8191DDA5FFE7}.Debug|Any CPU.ActiveCfg = Debug|Any CPU
		{325F1221-18E9-4910-9FC1-8191DDA5FFE7}.Debug|Any CPU.Build.0 = Debug|Any CPU
		{325F1221-18E9-4910-9FC1-8191DDA5FFE7}.Release|Any CPU.ActiveCfg = Release|Any CPU
		{325F1221-18E9-4910-9FC1-8191DDA5FFE7}.Release|Any CPU.Build.0 = Release|Any CPU
		{9CBFE488-EE93-4035-A8BD-429D9153FAE8}.Debug|Any CPU.ActiveCfg = Debug|Any CPU
		{9CBFE488-EE93-4035-A8BD-429D9153FAE8}.Debug|Any CPU.Build.0 = Debug|Any CPU
		{9CBFE488-EE93-4035-A8BD-429D9153FAE8}.Release|Any CPU.ActiveCfg = Release|Any CPU
		{9CBFE488-EE93-4035-A8BD-429D9153FAE8}.Release|Any CPU.Build.0 = Release|Any CPU
	EndGlobalSection
	GlobalSection(SolutionProperties) = preSolution
		HideSolutionNode = FALSE
	EndGlobalSection
	GlobalSection(ExtensibilityGlobals) = postSolution
		SolutionGuid = {78170590-02D2-4001-B5EE-0C842F0019C2}
	EndGlobalSection
EndGlobal
